
Microsoft Visual Studio Solution File, Format Version 12.00
# Visual Studio Version 17
VisualStudioVersion = 17.11.35327.3
MinimumVisualStudioVersion = 10.0.40219.1
Project("{FAE04EC0-301F-11D3-BF4B-00C04F79EFBC}") = "RepoToTxtDesktop", "RepoToTxtDesktop.csproj", "{D55817E3-D4A2-4B18-8263-3AC7ED8707B7}"
EndProject
Global
	GlobalSection(SolutionConfigurationPlatforms) = preSolution
		Debug|Any CPU = Debug|Any CPU
		Release|Any CPU = Release|Any CPU
	EndGlobalSection
	GlobalSection(ProjectConfigurationPlatforms) = postSolution
		{D55817E3-D4A2-4B18-8263-3AC7ED8707B7}.Debug|Any CPU.ActiveCfg = Debug|Any CPU
		{D55817E3-D4A2-4B18-8263-3AC7ED8707B7}.Debug|Any CPU.Build.0 = Debug|Any CPU
		{D55817E3-D4A2-4B18-8263-3AC7ED8707B7}.Release|Any CPU.ActiveCfg = Release|Any CPU
		{D55817E3-D4A2-4B18-8263-3AC7ED8707B7}.Release|Any CPU.Build.0 = Release|Any CPU
	EndGlobalSection
	GlobalSection(SolutionProperties) = preSolution
		HideSolutionNode = FALSE
	EndGlobalSection
	GlobalSection(ExtensibilityGlobals) = postSolution
		SolutionGuid = {250B81D1-A4BC-40FC-B733-09BE3757AE75}
	EndGlobalSection
EndGlobal
